
Microsoft Visual Studio Solution File, Format Version 12.00
# Visual Studio Version 17
VisualStudioVersion = 17.9.34714.143
MinimumVisualStudioVersion = 10.0.40219.1
Project("{FAE04EC0-301F-11D3-BF4B-00C04F79EFBC}") = "Serpent", "Serpent\Serpent.csproj", "{9CC3BA50-5B81-44EA-A4D9-16EACF816A5A}"
EndProject
Project("{9A19103F-16F7-4668-BE54-9A1E7A4F7556}") = "EC", "..\..\libraries\EC\EC.csproj", "{E099BD63-8517-4B90-8218-E7D3628EE220}"
EndProject
Global
	GlobalSection(SolutionConfigurationPlatforms) = preSolution
		Debug|Any CPU = Debug|Any CPU
		Release|Any CPU = Release|Any CPU
	EndGlobalSection
	GlobalSection(ProjectConfigurationPlatforms) = postSolution
		{9CC3BA50-5B81-44EA-A4D9-16EACF816A5A}.Debug|Any CPU.ActiveCfg = Debug|Any CPU
		{9CC3BA50-5B81-44EA-A4D9-16EACF816A5A}.Debug|Any CPU.Build.0 = Debug|Any CPU
		{9CC3BA50-5B81-44EA-A4D9-16EACF816A5A}.Release|Any CPU.ActiveCfg = Release|Any CPU
		{9CC3BA50-5B81-44EA-A4D9-16EACF816A5A}.Release|Any CPU.Build.0 = Release|Any CPU
		{E099BD63-8517-4B90-8218-E7D3628EE220}.Debug|Any CPU.ActiveCfg = Debug|Any CPU
		{E099BD63-8517-4B90-8218-E7D3628EE220}.Debug|Any CPU.Build.0 = Debug|Any CPU
		{E099BD63-8517-4B90-8218-E7D3628EE220}.Release|Any CPU.ActiveCfg = Release|Any CPU
		{E099BD63-8517-4B90-8218-E7D3628EE220}.Release|Any CPU.Build.0 = Release|Any CPU
	EndGlobalSection
	GlobalSection(SolutionProperties) = preSolution
		HideSolutionNode = FALSE
	EndGlobalSection
	GlobalSection(ExtensibilityGlobals) = postSolution
		SolutionGuid = {37BA0E94-D564-409C-A6E1-B0F77346FF7F}
	EndGlobalSection
EndGlobal
